
Microsoft Visual Studio Solution File, Format Version 11.00
# Visual Studio 2010
Project("{FAE04EC0-301F-11D3-BF4B-00C04F79EFBC}") = "Assembly-CSharp", "Assembly-CSharp.csproj", "{be3becca-473d-5c48-7771-f0ae24b05e87}"
EndProject
Project("{FAE04EC0-301F-11D3-BF4B-00C04F79EFBC}") = "Assembly-CSharp-Editor", "Assembly-CSharp-Editor.csproj", "{ca73cfff-7c00-8b23-aba4-db8d93e426d9}"
EndProject
Project("{FAE04EC0-301F-11D3-BF4B-00C04F79EFBC}") = "Assembly-CSharp-Editor-firstpass", "Assembly-CSharp-Editor-firstpass.csproj", "{0a334760-cb3f-5595-af25-4a29cf1ddabb}"
EndProject
Global
	GlobalSection(SolutionConfigurationPlatforms) = preSolution
		Debug|Any CPU = Debug|Any CPU
		Release|Any CPU = Release|Any CPU
	EndGlobalSection
	GlobalSection(ProjectConfigurationPlatforms) = postSolution
		{be3becca-473d-5c48-7771-f0ae24b05e87}.Debug|Any CPU.ActiveCfg = Debug|Any CPU
		{be3becca-473d-5c48-7771-f0ae24b05e87}.Debug|Any CPU.Build.0 = Debug|Any CPU
		{be3becca-473d-5c48-7771-f0ae24b05e87}.Release|Any CPU.ActiveCfg = Release|Any CPU
		{be3becca-473d-5c48-7771-f0ae24b05e87}.Release|Any CPU.Build.0 = Release|Any CPU
		{ca73cfff-7c00-8b23-aba4-db8d93e426d9}.Debug|Any CPU.ActiveCfg = Debug|Any CPU
		{ca73cfff-7c00-8b23-aba4-db8d93e426d9}.Debug|Any CPU.Build.0 = Debug|Any CPU
		{ca73cfff-7c00-8b23-aba4-db8d93e426d9}.Release|Any CPU.ActiveCfg = Release|Any CPU
		{ca73cfff-7c00-8b23-aba4-db8d93e426d9}.Release|Any CPU.Build.0 = Release|Any CPU
		{0a334760-cb3f-5595-af25-4a29cf1ddabb}.Debug|Any CPU.ActiveCfg = Debug|Any CPU
		{0a334760-cb3f-5595-af25-4a29cf1ddabb}.Debug|Any CPU.Build.0 = Debug|Any CPU
		{0a334760-cb3f-5595-af25-4a29cf1ddabb}.Release|Any CPU.ActiveCfg = Release|Any CPU
		{0a334760-cb3f-5595-af25-4a29cf1ddabb}.Release|Any CPU.Build.0 = Release|Any CPU
	EndGlobalSection
	GlobalSection(SolutionProperties) = preSolution
		HideSolutionNode = FALSE
	EndGlobalSection
EndGlobal
